
Microsoft Visual Studio Solution File, Format Version 12.00
# Visual Studio Version 17
VisualStudioVersion = 17.3.32922.545
MinimumVisualStudioVersion = 10.0.40219.1
Project("{9A19103F-16F7-4668-BE54-9A1E7A4F7556}") = "Applitools", "Philips2\Applitools.csproj", "{257C251E-E7EC-4FF2-90EA-5B92A5A39B09}"
EndProject
Global
	GlobalSection(SolutionConfigurationPlatforms) = preSolution
		Debug|Any CPU = Debug|Any CPU
		Release|Any CPU = Release|Any CPU
	EndGlobalSection
	GlobalSection(ProjectConfigurationPlatforms) = postSolution
		{257C251E-E7EC-4FF2-90EA-5B92A5A39B09}.Debug|Any CPU.ActiveCfg = Debug|Any CPU
		{257C251E-E7EC-4FF2-90EA-5B92A5A39B09}.Debug|Any CPU.Build.0 = Debug|Any CPU
		{257C251E-E7EC-4FF2-90EA-5B92A5A39B09}.Release|Any CPU.ActiveCfg = Release|Any CPU
		{257C251E-E7EC-4FF2-90EA-5B92A5A39B09}.Release|Any CPU.Build.0 = Release|Any CPU
	EndGlobalSection
	GlobalSection(SolutionProperties) = preSolution
		HideSolutionNode = FALSE
	EndGlobalSection
	GlobalSection(ExtensibilityGlobals) = postSolution
		SolutionGuid = {E0956750-5A91-446B-AC85-AD0B84A0834B}
	EndGlobalSection
EndGlobal
